
Microsoft Visual Studio Solution File, Format Version 12.00
# Visual Studio Version 16
VisualStudioVersion = 16.6.30114.105
MinimumVisualStudioVersion = 10.0.40219.1
Project("{2150E333-8FDC-42A3-9474-1A3956D46DE8}") = "src", "src", "{2C1D50D0-54B3-42BE-B37C-37926D168936}"
EndProject
Project("{FAE04EC0-301F-11D3-BF4B-00C04F79EFBC}") = "Cabother.Swagger.UI", "src\Cabother.Swagger.UI\Cabother.Swagger.UI.csproj", "{33E0C4E3-8007-4577-902A-B9644CDC49BC}"
EndProject
Project("{FAE04EC0-301F-11D3-BF4B-00C04F79EFBC}") = "Cabother.Swagger.WebApi", "src\Cabother.Swagger.WebApi\Cabother.Swagger.WebApi.csproj", "{054AF52B-5584-465F-9E34-D2C188F1589B}"
EndProject
Project("{2150E333-8FDC-42A3-9474-1A3956D46DE8}") = "test", "test", "{EDA832A8-CC40-4E9C-8613-62A9C5414A73}"
EndProject
Project("{FAE04EC0-301F-11D3-BF4B-00C04F79EFBC}") = "Cabother.Swagger.WebApi.Test", "test\Cabother.Swagger.WebApi.Test\Cabother.Swagger.WebApi.Test.csproj", "{4389AB38-1A80-4B92-855C-9BAE840562CE}"
EndProject
Global
	GlobalSection(SolutionConfigurationPlatforms) = preSolution
		Debug|Any CPU = Debug|Any CPU
		Debug|x64 = Debug|x64
		Debug|x86 = Debug|x86
		Release|Any CPU = Release|Any CPU
		Release|x64 = Release|x64
		Release|x86 = Release|x86
	EndGlobalSection
	GlobalSection(SolutionProperties) = preSolution
		HideSolutionNode = FALSE
	EndGlobalSection
	GlobalSection(ProjectConfigurationPlatforms) = postSolution
		{33E0C4E3-8007-4577-902A-B9644CDC49BC}.Debug|Any CPU.ActiveCfg = Debug|Any CPU
		{33E0C4E3-8007-4577-902A-B9644CDC49BC}.Debug|Any CPU.Build.0 = Debug|Any CPU
		{33E0C4E3-8007-4577-902A-B9644CDC49BC}.Debug|x64.ActiveCfg = Debug|Any CPU
		{33E0C4E3-8007-4577-902A-B9644CDC49BC}.Debug|x64.Build.0 = Debug|Any CPU
		{33E0C4E3-8007-4577-902A-B9644CDC49BC}.Debug|x86.ActiveCfg = Debug|Any CPU
		{33E0C4E3-8007-4577-902A-B9644CDC49BC}.Debug|x86.Build.0 = Debug|Any CPU
		{33E0C4E3-8007-4577-902A-B9644CDC49BC}.Release|Any CPU.ActiveCfg = Release|Any CPU
		{33E0C4E3-8007-4577-902A-B9644CDC49BC}.Release|Any CPU.Build.0 = Release|Any CPU
		{33E0C4E3-8007-4577-902A-B9644CDC49BC}.Release|x64.ActiveCfg = Release|Any CPU
		{33E0C4E3-8007-4577-902A-B9644CDC49BC}.Release|x64.Build.0 = Release|Any CPU
		{33E0C4E3-8007-4577-902A-B9644CDC49BC}.Release|x86.ActiveCfg = Release|Any CPU
		{33E0C4E3-8007-4577-902A-B9644CDC49BC}.Release|x86.Build.0 = Release|Any CPU
		{054AF52B-5584-465F-9E34-D2C188F1589B}.Debug|Any CPU.ActiveCfg = Debug|Any CPU
		{054AF52B-5584-465F-9E34-D2C188F1589B}.Debug|Any CPU.Build.0 = Debug|Any CPU
		{054AF52B-5584-465F-9E34-D2C188F1589B}.Debug|x64.ActiveCfg = Debug|Any CPU
		{054AF52B-5584-465F-9E34-D2C188F1589B}.Debug|x64.Build.0 = Debug|Any CPU
		{054AF52B-5584-465F-9E34-D2C188F1589B}.Debug|x86.ActiveCfg = Debug|Any CPU
		{054AF52B-5584-465F-9E34-D2C188F1589B}.Debug|x86.Build.0 = Debug|Any CPU
		{054AF52B-5584-465F-9E34-D2C188F1589B}.Release|Any CPU.ActiveCfg = Release|Any CPU
		{054AF52B-5584-465F-9E34-D2C188F1589B}.Release|Any CPU.Build.0 = Release|Any CPU
		{054AF52B-5584-465F-9E34-D2C188F1589B}.Release|x64.ActiveCfg = Release|Any CPU
		{054AF52B-5584-465F-9E34-D2C188F1589B}.Release|x64.Build.0 = Release|Any CPU
		{054AF52B-5584-465F-9E34-D2C188F1589B}.Release|x86.ActiveCfg = Release|Any CPU
		{054AF52B-5584-465F-9E34-D2C188F1589B}.Release|x86.Build.0 = Release|Any CPU
		{4389AB38-1A80-4B92-855C-9BAE840562CE}.Debug|Any CPU.ActiveCfg = Debug|Any CPU
		{4389AB38-1A80-4B92-855C-9BAE840562CE}.Debug|Any CPU.Build.0 = Debug|Any CPU
		{4389AB38-1A80-4B92-855C-9BAE840562CE}.Debug|x64.ActiveCfg = Debug|Any CPU
		{4389AB38-1A80-4B92-855C-9BAE840562CE}.Debug|x64.Build.0 = Debug|Any CPU
		{4389AB38-1A80-4B92-855C-9BAE840562CE}.Debug|x86.ActiveCfg = Debug|Any CPU
		{4389AB38-1A80-4B92-855C-9BAE840562CE}.Debug|x86.Build.0 = Debug|Any CPU
		{4389AB38-1A80-4B92-855C-9BAE840562CE}.Release|Any CPU.ActiveCfg = Release|Any CPU
		{4389AB38-1A80-4B92-855C-9BAE840562CE}.Release|Any CPU.Build.0 = Release|Any CPU
		{4389AB38-1A80-4B92-855C-9BAE840562CE}.Release|x64.ActiveCfg = Release|Any CPU
		{4389AB38-1A80-4B92-855C-9BAE840562CE}.Release|x64.Build.0 = Release|Any CPU
		{4389AB38-1A80-4B92-855C-9BAE840562CE}.Release|x86.ActiveCfg = Release|Any CPU
		{4389AB38-1A80-4B92-855C-9BAE840562CE}.Release|x86.Build.0 = Release|Any CPU
	EndGlobalSection
	GlobalSection(NestedProjects) = preSolution
		{33E0C4E3-8007-4577-902A-B9644CDC49BC} = {2C1D50D0-54B3-42BE-B37C-37926D168936}
		{054AF52B-5584-465F-9E34-D2C188F1589B} = {2C1D50D0-54B3-42BE-B37C-37926D168936}
		{4389AB38-1A80-4B92-855C-9BAE840562CE} = {EDA832A8-CC40-4E9C-8613-62A9C5414A73}
	EndGlobalSection
EndGlobal
